
Microsoft Visual Studio Solution File, Format Version 12.00
# Visual Studio Version 17
VisualStudioVersion = 17.14.36301.6
MinimumVisualStudioVersion = 10.0.40219.1
Project("{FAE04EC0-301F-11D3-BF4B-00C04F79EFBC}") = "Domain", "Domain\Domain.csproj", "{8A673D98-2EB3-4807-AA85-1353DA667F38}"
EndProject
Project("{FAE04EC0-301F-11D3-BF4B-00C04F79EFBC}") = "Application", "Application\Application.csproj", "{CD89F315-6CF8-4E34-A2EA-5BD47C7774F3}"
EndProject
Project("{FAE04EC0-301F-11D3-BF4B-00C04F79EFBC}") = "Infrastructure", "Infrastructure\Infrastructure.csproj", "{CD77E670-373D-4748-8F00-CC61A92D44C5}"
EndProject
Project("{FAE04EC0-301F-11D3-BF4B-00C04F79EFBC}") = "Presentation", "Presentation\Presentation.csproj", "{DB6728C2-25FA-49BF-B3E7-5E5D3CFD3D0C}"
EndProject
Global
	GlobalSection(SolutionConfigurationPlatforms) = preSolution
		Debug|Any CPU = Debug|Any CPU
		Release|Any CPU = Release|Any CPU
	EndGlobalSection
	GlobalSection(ProjectConfigurationPlatforms) = postSolution
		{8A673D98-2EB3-4807-AA85-1353DA667F38}.Debug|Any CPU.ActiveCfg = Debug|Any CPU
		{8A673D98-2EB3-4807-AA85-1353DA667F38}.Debug|Any CPU.Build.0 = Debug|Any CPU
		{8A673D98-2EB3-4807-AA85-1353DA667F38}.Release|Any CPU.ActiveCfg = Release|Any CPU
		{8A673D98-2EB3-4807-AA85-1353DA667F38}.Release|Any CPU.Build.0 = Release|Any CPU
		{CD89F315-6CF8-4E34-A2EA-5BD47C7774F3}.Debug|Any CPU.ActiveCfg = Debug|Any CPU
		{CD89F315-6CF8-4E34-A2EA-5BD47C7774F3}.Debug|Any CPU.Build.0 = Debug|Any CPU
		{CD89F315-6CF8-4E34-A2EA-5BD47C7774F3}.Release|Any CPU.ActiveCfg = Release|Any CPU
		{CD89F315-6CF8-4E34-A2EA-5BD47C7774F3}.Release|Any CPU.Build.0 = Release|Any CPU
		{CD77E670-373D-4748-8F00-CC61A92D44C5}.Debug|Any CPU.ActiveCfg = Debug|Any CPU
		{CD77E670-373D-4748-8F00-CC61A92D44C5}.Debug|Any CPU.Build.0 = Debug|Any CPU
		{CD77E670-373D-4748-8F00-CC61A92D44C5}.Release|Any CPU.ActiveCfg = Release|Any CPU
		{CD77E670-373D-4748-8F00-CC61A92D44C5}.Release|Any CPU.Build.0 = Release|Any CPU
		{DB6728C2-25FA-49BF-B3E7-5E5D3CFD3D0C}.Debug|Any CPU.ActiveCfg = Debug|Any CPU
		{DB6728C2-25FA-49BF-B3E7-5E5D3CFD3D0C}.Debug|Any CPU.Build.0 = Debug|Any CPU
		{DB6728C2-25FA-49BF-B3E7-5E5D3CFD3D0C}.Release|Any CPU.ActiveCfg = Release|Any CPU
		{DB6728C2-25FA-49BF-B3E7-5E5D3CFD3D0C}.Release|Any CPU.Build.0 = Release|Any CPU
	EndGlobalSection
	GlobalSection(SolutionProperties) = preSolution
		HideSolutionNode = FALSE
	EndGlobalSection
	GlobalSection(ExtensibilityGlobals) = postSolution
		SolutionGuid = {3B44A1DC-AECB-49F8-91CF-050F36DE1DD8}
	EndGlobalSection
EndGlobal
